
Microsoft Visual Studio Solution File, Format Version 12.00
# Visual Studio Version 16
VisualStudioVersion = 16.0.31129.286
MinimumVisualStudioVersion = 10.0.40219.1
Project("{FAE04EC0-301F-11D3-BF4B-00C04F79EFBC}") = "TransportFEApplication", "TransportFEApplication\TransportFEApplication.csproj", "{1AB2B446-DF86-4F1A-9F51-E05208F91A42}"
EndProject
Project("{FAE04EC0-301F-11D3-BF4B-00C04F79EFBC}") = "TransportDALLibrary", "TransportDALLibrary\TransportDALLibrary.csproj", "{04802694-6110-4D66-AE32-52D037DB9D66}"
EndProject
Project("{FAE04EC0-301F-11D3-BF4B-00C04F79EFBC}") = "TransportBLLibrary", "TransportBLLibrary\TransportBLLibrary.csproj", "{4C129CB8-38B3-4702-8C78-D09408D78CE1}"
EndProject
Global
	GlobalSection(SolutionConfigurationPlatforms) = preSolution
		Debug|Any CPU = Debug|Any CPU
		Release|Any CPU = Release|Any CPU
	EndGlobalSection
	GlobalSection(ProjectConfigurationPlatforms) = postSolution
		{1AB2B446-DF86-4F1A-9F51-E05208F91A42}.Debug|Any CPU.ActiveCfg = Debug|Any CPU
		{1AB2B446-DF86-4F1A-9F51-E05208F91A42}.Debug|Any CPU.Build.0 = Debug|Any CPU
		{1AB2B446-DF86-4F1A-9F51-E05208F91A42}.Release|Any CPU.ActiveCfg = Release|Any CPU
		{1AB2B446-DF86-4F1A-9F51-E05208F91A42}.Release|Any CPU.Build.0 = Release|Any CPU
		{04802694-6110-4D66-AE32-52D037DB9D66}.Debug|Any CPU.ActiveCfg = Debug|Any CPU
		{04802694-6110-4D66-AE32-52D037DB9D66}.Debug|Any CPU.Build.0 = Debug|Any CPU
		{04802694-6110-4D66-AE32-52D037DB9D66}.Release|Any CPU.ActiveCfg = Release|Any CPU
		{04802694-6110-4D66-AE32-52D037DB9D66}.Release|Any CPU.Build.0 = Release|Any CPU
		{4C129CB8-38B3-4702-8C78-D09408D78CE1}.Debug|Any CPU.ActiveCfg = Debug|Any CPU
		{4C129CB8-38B3-4702-8C78-D09408D78CE1}.Debug|Any CPU.Build.0 = Debug|Any CPU
		{4C129CB8-38B3-4702-8C78-D09408D78CE1}.Release|Any CPU.ActiveCfg = Release|Any CPU
		{4C129CB8-38B3-4702-8C78-D09408D78CE1}.Release|Any CPU.Build.0 = Release|Any CPU
	EndGlobalSection
	GlobalSection(SolutionProperties) = preSolution
		HideSolutionNode = FALSE
	EndGlobalSection
	GlobalSection(ExtensibilityGlobals) = postSolution
		SolutionGuid = {CB8B55AE-78A2-42A7-8E47-3B31405214FB}
	EndGlobalSection
EndGlobal
